
Microsoft Visual Studio Solution File, Format Version 12.00
# Visual Studio 14
VisualStudioVersion = 14.0.25420.1
MinimumVisualStudioVersion = 10.0.40219.1
Project("{FAE04EC0-301F-11D3-BF4B-00C04F79EFBC}") = "DroneLander", "DroneLander\DroneLander\DroneLander.csproj", "{BCB90A82-6EC4-48C0-ADA4-31006CBBB2D5}"
EndProject
Project("{FAE04EC0-301F-11D3-BF4B-00C04F79EFBC}") = "DroneLander.Droid", "DroneLander\DroneLander.Droid\DroneLander.Droid.csproj", "{79AC5DCA-D2B6-44C6-84F8-D730A21D107A}"
EndProject
Project("{FAE04EC0-301F-11D3-BF4B-00C04F79EFBC}") = "DroneLander.iOS", "DroneLander\DroneLander.iOS\DroneLander.iOS.csproj", "{D07C3852-7947-4C04-B489-7E9B422AE10C}"
EndProject
Project("{FAE04EC0-301F-11D3-BF4B-00C04F79EFBC}") = "DroneLander.UWP", "DroneLander\DroneLander.UWP\DroneLander.UWP.csproj", "{D5DD654D-7CD7-46C7-A922-DA3E93F9C715}"
EndProject
Global
	GlobalSection(SolutionConfigurationPlatforms) = preSolution
		Ad-Hoc|Any CPU = Ad-Hoc|Any CPU
		Ad-Hoc|ARM = Ad-Hoc|ARM
		Ad-Hoc|iPhone = Ad-Hoc|iPhone
		Ad-Hoc|iPhoneSimulator = Ad-Hoc|iPhoneSimulator
		Ad-Hoc|x64 = Ad-Hoc|x64
		Ad-Hoc|x86 = Ad-Hoc|x86
		AppStore|Any CPU = AppStore|Any CPU
		AppStore|ARM = AppStore|ARM
		AppStore|iPhone = AppStore|iPhone
		AppStore|iPhoneSimulator = AppStore|iPhoneSimulator
		AppStore|x64 = AppStore|x64
		AppStore|x86 = AppStore|x86
		Debug|Any CPU = Debug|Any CPU
		Debug|ARM = Debug|ARM
		Debug|iPhone = Debug|iPhone
		Debug|iPhoneSimulator = Debug|iPhoneSimulator
		Debug|x64 = Debug|x64
		Debug|x86 = Debug|x86
		Release|Any CPU = Release|Any CPU
		Release|ARM = Release|ARM
		Release|iPhone = Release|iPhone
		Release|iPhoneSimulator = Release|iPhoneSimulator
		Release|x64 = Release|x64
		Release|x86 = Release|x86
	EndGlobalSection
	GlobalSection(ProjectConfigurationPlatforms) = postSolution
		{BCB90A82-6EC4-48C0-ADA4-31006CBBB2D5}.Ad-Hoc|Any CPU.ActiveCfg = Release|Any CPU
		{BCB90A82-6EC4-48C0-ADA4-31006CBBB2D5}.Ad-Hoc|Any CPU.Build.0 = Release|Any CPU
		{BCB90A82-6EC4-48C0-ADA4-31006CBBB2D5}.Ad-Hoc|ARM.ActiveCfg = Release|Any CPU
		{BCB90A82-6EC4-48C0-ADA4-31006CBBB2D5}.Ad-Hoc|ARM.Build.0 = Release|Any CPU
		{BCB90A82-6EC4-48C0-ADA4-31006CBBB2D5}.Ad-Hoc|iPhone.ActiveCfg = Release|Any CPU
		{BCB90A82-6EC4-48C0-ADA4-31006CBBB2D5}.Ad-Hoc|iPhone.Build.0 = Release|Any CPU
		{BCB90A82-6EC4-48C0-ADA4-31006CBBB2D5}.Ad-Hoc|iPhoneSimulator.ActiveCfg = Release|Any CPU
		{BCB90A82-6EC4-48C0-ADA4-31006CBBB2D5}.Ad-Hoc|iPhoneSimulator.Build.0 = Release|Any CPU
		{BCB90A82-6EC4-48C0-ADA4-31006CBBB2D5}.Ad-Hoc|x64.ActiveCfg = Release|Any CPU
		{BCB90A82-6EC4-48C0-ADA4-31006CBBB2D5}.Ad-Hoc|x64.Build.0 = Release|Any CPU
		{BCB90A82-6EC4-48C0-ADA4-31006CBBB2D5}.Ad-Hoc|x86.ActiveCfg = Release|Any CPU
		{BCB90A82-6EC4-48C0-ADA4-31006CBBB2D5}.Ad-Hoc|x86.Build.0 = Release|Any CPU
		{BCB90A82-6EC4-48C0-ADA4-31006CBBB2D5}.AppStore|Any CPU.ActiveCfg = Release|Any CPU
		{BCB90A82-6EC4-48C0-ADA4-31006CBBB2D5}.AppStore|Any CPU.Build.0 = Release|Any CPU
		{BCB90A82-6EC4-48C0-ADA4-31006CBBB2D5}.AppStore|ARM.ActiveCfg = Release|Any CPU
		{BCB90A82-6EC4-48C0-ADA4-31006CBBB2D5}.AppStore|ARM.Build.0 = Release|Any CPU
		{BCB90A82-6EC4-48C0-ADA4-31006CBBB2D5}.AppStore|iPhone.ActiveCfg = Release|Any CPU
		{BCB90A82-6EC4-48C0-ADA4-31006CBBB2D5}.AppStore|iPhone.Build.0 = Release|Any CPU
		{BCB90A82-6EC4-48C0-ADA4-31006CBBB2D5}.AppStore|iPhoneSimulator.ActiveCfg = Release|Any CPU
		{BCB90A82-6EC4-48C0-ADA4-31006CBBB2D5}.AppStore|iPhoneSimulator.Build.0 = Release|Any CPU
		{BCB90A82-6EC4-48C0-ADA4-31006CBBB2D5}.AppStore|x64.ActiveCfg = Release|Any CPU
		{BCB90A82-6EC4-48C0-ADA4-31006CBBB2D5}.AppStore|x64.Build.0 = Release|Any CPU
		{BCB90A82-6EC4-48C0-ADA4-31006CBBB2D5}.AppStore|x86.ActiveCfg = Release|Any CPU
		{BCB90A82-6EC4-48C0-ADA4-31006CBBB2D5}.AppStore|x86.Build.0 = Release|Any CPU
		{BCB90A82-6EC4-48C0-ADA4-31006CBBB2D5}.Debug|Any CPU.ActiveCfg = Debug|Any CPU
		{BCB90A82-6EC4-48C0-ADA4-31006CBBB2D5}.Debug|Any CPU.Build.0 = Debug|Any CPU
		{BCB90A82-6EC4-48C0-ADA4-31006CBBB2D5}.Debug|ARM.ActiveCfg = Debug|Any CPU
		{BCB90A82-6EC4-48C0-ADA4-31006CBBB2D5}.Debug|ARM.Build.0 = Debug|Any CPU
		{BCB90A82-6EC4-48C0-ADA4-31006CBBB2D5}.Debug|iPhone.ActiveCfg = Debug|Any CPU
		{BCB90A82-6EC4-48C0-ADA4-31006CBBB2D5}.Debug|iPhone.Build.0 = Debug|Any CPU
		{BCB90A82-6EC4-48C0-ADA4-31006CBBB2D5}.Debug|iPhoneSimulator.ActiveCfg = Debug|Any CPU
		{BCB90A82-6EC4-48C0-ADA4-31006CBBB2D5}.Debug|iPhoneSimulator.Build.0 = Debug|Any CPU
		{BCB90A82-6EC4-48C0-ADA4-31006CBBB2D5}.Debug|x64.ActiveCfg = Debug|Any CPU
		{BCB90A82-6EC4-48C0-ADA4-31006CBBB2D5}.Debug|x64.Build.0 = Debug|Any CPU
		{BCB90A82-6EC4-48C0-ADA4-31006CBBB2D5}.Debug|x86.ActiveCfg = Debug|Any CPU
		{BCB90A82-6EC4-48C0-ADA4-31006CBBB2D5}.Debug|x86.Build.0 = Debug|Any CPU
		{BCB90A82-6EC4-48C0-ADA4-31006CBBB2D5}.Release|Any CPU.ActiveCfg = Release|Any CPU
		{BCB90A82-6EC4-48C0-ADA4-31006CBBB2D5}.Release|Any CPU.Build.0 = Release|Any CPU
		{BCB90A82-6EC4-48C0-ADA4-31006CBBB2D5}.Release|ARM.ActiveCfg = Release|Any CPU
		{BCB90A82-6EC4-48C0-ADA4-31006CBBB2D5}.Release|ARM.Build.0 = Release|Any CPU
		{BCB90A82-6EC4-48C0-ADA4-31006CBBB2D5}.Release|iPhone.ActiveCfg = Release|Any CPU
		{BCB90A82-6EC4-48C0-ADA4-31006CBBB2D5}.Release|iPhone.Build.0 = Release|Any CPU
		{BCB90A82-6EC4-48C0-ADA4-31006CBBB2D5}.Release|iPhoneSimulator.ActiveCfg = Release|Any CPU
		{BCB90A82-6EC4-48C0-ADA4-31006CBBB2D5}.Release|iPhoneSimulator.Build.0 = Release|Any CPU
		{BCB90A82-6EC4-48C0-ADA4-31006CBBB2D5}.Release|x64.ActiveCfg = Release|Any CPU
		{BCB90A82-6EC4-48C0-ADA4-31006CBBB2D5}.Release|x64.Build.0 = Release|Any CPU
		{BCB90A82-6EC4-48C0-ADA4-31006CBBB2D5}.Release|x86.ActiveCfg = Release|Any CPU
		{BCB90A82-6EC4-48C0-ADA4-31006CBBB2D5}.Release|x86.Build.0 = Release|Any CPU
		{79AC5DCA-D2B6-44C6-84F8-D730A21D107A}.Ad-Hoc|Any CPU.ActiveCfg = Release|Any CPU
		{79AC5DCA-D2B6-44C6-84F8-D730A21D107A}.Ad-Hoc|Any CPU.Build.0 = Release|Any CPU
		{79AC5DCA-D2B6-44C6-84F8-D730A21D107A}.Ad-Hoc|Any CPU.Deploy.0 = Release|Any CPU
		{79AC5DCA-D2B6-44C6-84F8-D730A21D107A}.Ad-Hoc|ARM.ActiveCfg = Release|Any CPU
		{79AC5DCA-D2B6-44C6-84F8-D730A21D107A}.Ad-Hoc|ARM.Build.0 = Release|Any CPU
		{79AC5DCA-D2B6-44C6-84F8-D730A21D107A}.Ad-Hoc|ARM.Deploy.0 = Release|Any CPU
		{79AC5DCA-D2B6-44C6-84F8-D730A21D107A}.Ad-Hoc|iPhone.ActiveCfg = Release|Any CPU
		{79AC5DCA-D2B6-44C6-84F8-D730A21D107A}.Ad-Hoc|iPhone.Build.0 = Release|Any CPU
		{79AC5DCA-D2B6-44C6-84F8-D730A21D107A}.Ad-Hoc|iPhone.Deploy.0 = Release|Any CPU
		{79AC5DCA-D2B6-44C6-84F8-D730A21D107A}.Ad-Hoc|iPhoneSimulator.ActiveCfg = Release|Any CPU
		{79AC5DCA-D2B6-44C6-84F8-D730A21D107A}.Ad-Hoc|iPhoneSimulator.Build.0 = Release|Any CPU
		{79AC5DCA-D2B6-44C6-84F8-D730A21D107A}.Ad-Hoc|iPhoneSimulator.Deploy.0 = Release|Any CPU
		{79AC5DCA-D2B6-44C6-84F8-D730A21D107A}.Ad-Hoc|x64.ActiveCfg = Release|Any CPU
		{79AC5DCA-D2B6-44C6-84F8-D730A21D107A}.Ad-Hoc|x64.Build.0 = Release|Any CPU
		{79AC5DCA-D2B6-44C6-84F8-D730A21D107A}.Ad-Hoc|x64.Deploy.0 = Release|Any CPU
		{79AC5DCA-D2B6-44C6-84F8-D730A21D107A}.Ad-Hoc|x86.ActiveCfg = Release|Any CPU
		{79AC5DCA-D2B6-44C6-84F8-D730A21D107A}.Ad-Hoc|x86.Build.0 = Release|Any CPU
		{79AC5DCA-D2B6-44C6-84F8-D730A21D107A}.Ad-Hoc|x86.Deploy.0 = Release|Any CPU
		{79AC5DCA-D2B6-44C6-84F8-D730A21D107A}.AppStore|Any CPU.ActiveCfg = Release|Any CPU
		{79AC5DCA-D2B6-44C6-84F8-D730A21D107A}.AppStore|Any CPU.Build.0 = Release|Any CPU
		{79AC5DCA-D2B6-44C6-84F8-D730A21D107A}.AppStore|Any CPU.Deploy.0 = Release|Any CPU
		{79AC5DCA-D2B6-44C6-84F8-D730A21D107A}.AppStore|ARM.ActiveCfg = Release|Any CPU
		{79AC5DCA-D2B6-44C6-84F8-D730A21D107A}.AppStore|ARM.Build.0 = Release|Any CPU
		{79AC5DCA-D2B6-44C6-84F8-D730A21D107A}.AppStore|ARM.Deploy.0 = Release|Any CPU
		{79AC5DCA-D2B6-44C6-84F8-D730A21D107A}.AppStore|iPhone.ActiveCfg = Release|Any CPU
		{79AC5DCA-D2B6-44C6-84F8-D730A21D107A}.AppStore|iPhone.Build.0 = Release|Any CPU
		{79AC5DCA-D2B6-44C6-84F8-D730A21D107A}.AppStore|iPhone.Deploy.0 = Release|Any CPU
		{79AC5DCA-D2B6-44C6-84F8-D730A21D107A}.AppStore|iPhoneSimulator.ActiveCfg = Release|Any CPU
		{79AC5DCA-D2B6-44C6-84F8-D730A21D107A}.AppStore|iPhoneSimulator.Build.0 = Release|Any CPU
		{79AC5DCA-D2B6-44C6-84F8-D730A21D107A}.AppStore|iPhoneSimulator.Deploy.0 = Release|Any CPU
		{79AC5DCA-D2B6-44C6-84F8-D730A21D107A}.AppStore|x64.ActiveCfg = Release|Any CPU
		{79AC5DCA-D2B6-44C6-84F8-D730A21D107A}.AppStore|x64.Build.0 = Release|Any CPU
		{79AC5DCA-D2B6-44C6-84F8-D730A21D107A}.AppStore|x64.Deploy.0 = Release|Any CPU
		{79AC5DCA-D2B6-44C6-84F8-D730A21D107A}.AppStore|x86.ActiveCfg = Release|Any CPU
		{79AC5DCA-D2B6-44C6-84F8-D730A21D107A}.AppStore|x86.Build.0 = Release|Any CPU
		{79AC5DCA-D2B6-44C6-84F8-D730A21D107A}.AppStore|x86.Deploy.0 = Release|Any CPU
		{79AC5DCA-D2B6-44C6-84F8-D730A21D107A}.Debug|Any CPU.ActiveCfg = Debug|Any CPU
		{79AC5DCA-D2B6-44C6-84F8-D730A21D107A}.Debug|ARM.ActiveCfg = Debug|Any CPU
		{79AC5DCA-D2B6-44C6-84F8-D730A21D107A}.Debug|ARM.Build.0 = Debug|Any CPU
		{79AC5DCA-D2B6-44C6-84F8-D730A21D107A}.Debug|ARM.Deploy.0 = Debug|Any CPU
		{79AC5DCA-D2B6-44C6-84F8-D730A21D107A}.Debug|iPhone.ActiveCfg = Debug|Any CPU
		{79AC5DCA-D2B6-44C6-84F8-D730A21D107A}.Debug|iPhone.Build.0 = Debug|Any CPU
		{79AC5DCA-D2B6-44C6-84F8-D730A21D107A}.Debug|iPhone.Deploy.0 = Debug|Any CPU
		{79AC5DCA-D2B6-44C6-84F8-D730A21D107A}.Debug|iPhoneSimulator.ActiveCfg = Debug|Any CPU
		{79AC5DCA-D2B6-44C6-84F8-D730A21D107A}.Debug|iPhoneSimulator.Build.0 = Debug|Any CPU
		{79AC5DCA-D2B6-44C6-84F8-D730A21D107A}.Debug|iPhoneSimulator.Deploy.0 = Debug|Any CPU
		{79AC5DCA-D2B6-44C6-84F8-D730A21D107A}.Debug|x64.ActiveCfg = Debug|Any CPU
		{79AC5DCA-D2B6-44C6-84F8-D730A21D107A}.Debug|x64.Build.0 = Debug|Any CPU
		{79AC5DCA-D2B6-44C6-84F8-D730A21D107A}.Debug|x64.Deploy.0 = Debug|Any CPU
		{79AC5DCA-D2B6-44C6-84F8-D730A21D107A}.Debug|x86.ActiveCfg = Debug|Any CPU
		{79AC5DCA-D2B6-44C6-84F8-D730A21D107A}.Debug|x86.Build.0 = Debug|Any CPU
		{79AC5DCA-D2B6-44C6-84F8-D730A21D107A}.Debug|x86.Deploy.0 = Debug|Any CPU
		{79AC5DCA-D2B6-44C6-84F8-D730A21D107A}.Release|Any CPU.ActiveCfg = Release|Any CPU
		{79AC5DCA-D2B6-44C6-84F8-D730A21D107A}.Release|Any CPU.Build.0 = Release|Any CPU
		{79AC5DCA-D2B6-44C6-84F8-D730A21D107A}.Release|Any CPU.Deploy.0 = Release|Any CPU
		{79AC5DCA-D2B6-44C6-84F8-D730A21D107A}.Release|ARM.ActiveCfg = Release|Any CPU
		{79AC5DCA-D2B6-44C6-84F8-D730A21D107A}.Release|ARM.Build.0 = Release|Any CPU
		{79AC5DCA-D2B6-44C6-84F8-D730A21D107A}.Release|ARM.Deploy.0 = Release|Any CPU
		{79AC5DCA-D2B6-44C6-84F8-D730A21D107A}.Release|iPhone.ActiveCfg = Release|Any CPU
		{79AC5DCA-D2B6-44C6-84F8-D730A21D107A}.Release|iPhone.Build.0 = Release|Any CPU
		{79AC5DCA-D2B6-44C6-84F8-D730A21D107A}.Release|iPhone.Deploy.0 = Release|Any CPU
		{79AC5DCA-D2B6-44C6-84F8-D730A21D107A}.Release|iPhoneSimulator.ActiveCfg = Release|Any CPU
		{79AC5DCA-D2B6-44C6-84F8-D730A21D107A}.Release|iPhoneSimulator.Build.0 = Release|Any CPU
		{79AC5DCA-D2B6-44C6-84F8-D730A21D107A}.Release|iPhoneSimulator.Deploy.0 = Release|Any CPU
		{79AC5DCA-D2B6-44C6-84F8-D730A21D107A}.Release|x64.ActiveCfg = Release|Any CPU
		{79AC5DCA-D2B6-44C6-84F8-D730A21D107A}.Release|x64.Build.0 = Release|Any CPU
		{79AC5DCA-D2B6-44C6-84F8-D730A21D107A}.Release|x64.Deploy.0 = Release|Any CPU
		{79AC5DCA-D2B6-44C6-84F8-D730A21D107A}.Release|x86.ActiveCfg = Release|Any CPU
		{79AC5DCA-D2B6-44C6-84F8-D730A21D107A}.Release|x86.Build.0 = Release|Any CPU
		{79AC5DCA-D2B6-44C6-84F8-D730A21D107A}.Release|x86.Deploy.0 = Release|Any CPU
		{D07C3852-7947-4C04-B489-7E9B422AE10C}.Ad-Hoc|Any CPU.ActiveCfg = Ad-Hoc|iPhone
		{D07C3852-7947-4C04-B489-7E9B422AE10C}.Ad-Hoc|ARM.ActiveCfg = Ad-Hoc|iPhone
		{D07C3852-7947-4C04-B489-7E9B422AE10C}.Ad-Hoc|iPhone.ActiveCfg = Ad-Hoc|iPhone
		{D07C3852-7947-4C04-B489-7E9B422AE10C}.Ad-Hoc|iPhone.Build.0 = Ad-Hoc|iPhone
		{D07C3852-7947-4C04-B489-7E9B422AE10C}.Ad-Hoc|iPhoneSimulator.ActiveCfg = Ad-Hoc|iPhoneSimulator
		{D07C3852-7947-4C04-B489-7E9B422AE10C}.Ad-Hoc|iPhoneSimulator.Build.0 = Ad-Hoc|iPhoneSimulator
		{D07C3852-7947-4C04-B489-7E9B422AE10C}.Ad-Hoc|x64.ActiveCfg = Ad-Hoc|iPhone
		{D07C3852-7947-4C04-B489-7E9B422AE10C}.Ad-Hoc|x86.ActiveCfg = Ad-Hoc|iPhone
		{D07C3852-7947-4C04-B489-7E9B422AE10C}.AppStore|Any CPU.ActiveCfg = AppStore|iPhone
		{D07C3852-7947-4C04-B489-7E9B422AE10C}.AppStore|ARM.ActiveCfg = AppStore|iPhone
		{D07C3852-7947-4C04-B489-7E9B422AE10C}.AppStore|iPhone.ActiveCfg = AppStore|iPhone
		{D07C3852-7947-4C04-B489-7E9B422AE10C}.AppStore|iPhone.Build.0 = AppStore|iPhone
		{D07C3852-7947-4C04-B489-7E9B422AE10C}.AppStore|iPhoneSimulator.ActiveCfg = AppStore|iPhoneSimulator
		{D07C3852-7947-4C04-B489-7E9B422AE10C}.AppStore|iPhoneSimulator.Build.0 = AppStore|iPhoneSimulator
		{D07C3852-7947-4C04-B489-7E9B422AE10C}.AppStore|x64.ActiveCfg = AppStore|iPhone
		{D07C3852-7947-4C04-B489-7E9B422AE10C}.AppStore|x86.ActiveCfg = AppStore|iPhone
		{D07C3852-7947-4C04-B489-7E9B422AE10C}.Debug|Any CPU.ActiveCfg = Debug|iPhone
		{D07C3852-7947-4C04-B489-7E9B422AE10C}.Debug|ARM.ActiveCfg = Debug|iPhone
		{D07C3852-7947-4C04-B489-7E9B422AE10C}.Debug|iPhone.ActiveCfg = Debug|iPhone
		{D07C3852-7947-4C04-B489-7E9B422AE10C}.Debug|iPhone.Build.0 = Debug|iPhone
		{D07C3852-7947-4C04-B489-7E9B422AE10C}.Debug|iPhoneSimulator.ActiveCfg = Debug|iPhoneSimulator
		{D07C3852-7947-4C04-B489-7E9B422AE10C}.Debug|iPhoneSimulator.Build.0 = Debug|iPhoneSimulator
		{D07C3852-7947-4C04-B489-7E9B422AE10C}.Debug|x64.ActiveCfg = Debug|iPhone
		{D07C3852-7947-4C04-B489-7E9B422AE10C}.Debug|x86.ActiveCfg = Debug|iPhone
		{D07C3852-7947-4C04-B489-7E9B422AE10C}.Release|Any CPU.ActiveCfg = Release|iPhone
		{D07C3852-7947-4C04-B489-7E9B422AE10C}.Release|ARM.ActiveCfg = Release|iPhone
		{D07C3852-7947-4C04-B489-7E9B422AE10C}.Release|iPhone.ActiveCfg = Release|iPhone
		{D07C3852-7947-4C04-B489-7E9B422AE10C}.Release|iPhone.Build.0 = Release|iPhone
		{D07C3852-7947-4C04-B489-7E9B422AE10C}.Release|iPhoneSimulator.ActiveCfg = Release|iPhoneSimulator
		{D07C3852-7947-4C04-B489-7E9B422AE10C}.Release|iPhoneSimulator.Build.0 = Release|iPhoneSimulator
		{D07C3852-7947-4C04-B489-7E9B422AE10C}.Release|x64.ActiveCfg = Release|iPhone
		{D07C3852-7947-4C04-B489-7E9B422AE10C}.Release|x86.ActiveCfg = Release|iPhone
		{D5DD654D-7CD7-46C7-A922-DA3E93F9C715}.Ad-Hoc|Any CPU.ActiveCfg = Release|x86
		{D5DD654D-7CD7-46C7-A922-DA3E93F9C715}.Ad-Hoc|Any CPU.Build.0 = Release|x86
		{D5DD654D-7CD7-46C7-A922-DA3E93F9C715}.Ad-Hoc|Any CPU.Deploy.0 = Release|x86
		{D5DD654D-7CD7-46C7-A922-DA3E93F9C715}.Ad-Hoc|ARM.ActiveCfg = Release|ARM
		{D5DD654D-7CD7-46C7-A922-DA3E93F9C715}.Ad-Hoc|ARM.Build.0 = Release|ARM
		{D5DD654D-7CD7-46C7-A922-DA3E93F9C715}.Ad-Hoc|ARM.Deploy.0 = Release|ARM
		{D5DD654D-7CD7-46C7-A922-DA3E93F9C715}.Ad-Hoc|iPhone.ActiveCfg = Release|x86
		{D5DD654D-7CD7-46C7-A922-DA3E93F9C715}.Ad-Hoc|iPhone.Build.0 = Release|x86
		{D5DD654D-7CD7-46C7-A922-DA3E93F9C715}.Ad-Hoc|iPhone.Deploy.0 = Release|x86
		{D5DD654D-7CD7-46C7-A922-DA3E93F9C715}.Ad-Hoc|iPhoneSimulator.ActiveCfg = Release|x86
		{D5DD654D-7CD7-46C7-A922-DA3E93F9C715}.Ad-Hoc|iPhoneSimulator.Build.0 = Release|x86
		{D5DD654D-7CD7-46C7-A922-DA3E93F9C715}.Ad-Hoc|iPhoneSimulator.Deploy.0 = Release|x86
		{D5DD654D-7CD7-46C7-A922-DA3E93F9C715}.Ad-Hoc|x64.ActiveCfg = Release|x64
		{D5DD654D-7CD7-46C7-A922-DA3E93F9C715}.Ad-Hoc|x64.Build.0 = Release|x64
		{D5DD654D-7CD7-46C7-A922-DA3E93F9C715}.Ad-Hoc|x64.Deploy.0 = Release|x64
		{D5DD654D-7CD7-46C7-A922-DA3E93F9C715}.Ad-Hoc|x86.ActiveCfg = Release|x86
		{D5DD654D-7CD7-46C7-A922-DA3E93F9C715}.Ad-Hoc|x86.Build.0 = Release|x86
		{D5DD654D-7CD7-46C7-A922-DA3E93F9C715}.Ad-Hoc|x86.Deploy.0 = Release|x86
		{D5DD654D-7CD7-46C7-A922-DA3E93F9C715}.AppStore|Any CPU.ActiveCfg = Release|x86
		{D5DD654D-7CD7-46C7-A922-DA3E93F9C715}.AppStore|Any CPU.Build.0 = Release|x86
		{D5DD654D-7CD7-46C7-A922-DA3E93F9C715}.AppStore|Any CPU.Deploy.0 = Release|x86
		{D5DD654D-7CD7-46C7-A922-DA3E93F9C715}.AppStore|ARM.ActiveCfg = Release|ARM
		{D5DD654D-7CD7-46C7-A922-DA3E93F9C715}.AppStore|ARM.Build.0 = Release|ARM
		{D5DD654D-7CD7-46C7-A922-DA3E93F9C715}.AppStore|ARM.Deploy.0 = Release|ARM
		{D5DD654D-7CD7-46C7-A922-DA3E93F9C715}.AppStore|iPhone.ActiveCfg = Release|x86
		{D5DD654D-7CD7-46C7-A922-DA3E93F9C715}.AppStore|iPhone.Build.0 = Release|x86
		{D5DD654D-7CD7-46C7-A922-DA3E93F9C715}.AppStore|iPhone.Deploy.0 = Release|x86
		{D5DD654D-7CD7-46C7-A922-DA3E93F9C715}.AppStore|iPhoneSimulator.ActiveCfg = Release|x86
		{D5DD654D-7CD7-46C7-A922-DA3E93F9C715}.AppStore|iPhoneSimulator.Build.0 = Release|x86
		{D5DD654D-7CD7-46C7-A922-DA3E93F9C715}.AppStore|iPhoneSimulator.Deploy.0 = Release|x86
		{D5DD654D-7CD7-46C7-A922-DA3E93F9C715}.AppStore|x64.ActiveCfg = Release|x64
		{D5DD654D-7CD7-46C7-A922-DA3E93F9C715}.AppStore|x64.Build.0 = Release|x64
		{D5DD654D-7CD7-46C7-A922-DA3E93F9C715}.AppStore|x64.Deploy.0 = Release|x64
		{D5DD654D-7CD7-46C7-A922-DA3E93F9C715}.AppStore|x86.ActiveCfg = Release|x86
		{D5DD654D-7CD7-46C7-A922-DA3E93F9C715}.AppStore|x86.Build.0 = Release|x86
		{D5DD654D-7CD7-46C7-A922-DA3E93F9C715}.AppStore|x86.Deploy.0 = Release|x86
		{D5DD654D-7CD7-46C7-A922-DA3E93F9C715}.Debug|Any CPU.ActiveCfg = Debug|x86
		{D5DD654D-7CD7-46C7-A922-DA3E93F9C715}.Debug|Any CPU.Build.0 = Debug|x86
		{D5DD654D-7CD7-46C7-A922-DA3E93F9C715}.Debug|Any CPU.Deploy.0 = Debug|x86
		{D5DD654D-7CD7-46C7-A922-DA3E93F9C715}.Debug|ARM.ActiveCfg = Debug|ARM
		{D5DD654D-7CD7-46C7-A922-DA3E93F9C715}.Debug|ARM.Build.0 = Debug|ARM
		{D5DD654D-7CD7-46C7-A922-DA3E93F9C715}.Debug|ARM.Deploy.0 = Debug|ARM
		{D5DD654D-7CD7-46C7-A922-DA3E93F9C715}.Debug|iPhone.ActiveCfg = Debug|x86
		{D5DD654D-7CD7-46C7-A922-DA3E93F9C715}.Debug|iPhoneSimulator.ActiveCfg = Debug|x86
		{D5DD654D-7CD7-46C7-A922-DA3E93F9C715}.Debug|x64.ActiveCfg = Debug|x64
		{D5DD654D-7CD7-46C7-A922-DA3E93F9C715}.Debug|x64.Build.0 = Debug|x64
		{D5DD654D-7CD7-46C7-A922-DA3E93F9C715}.Debug|x64.Deploy.0 = Debug|x64
		{D5DD654D-7CD7-46C7-A922-DA3E93F9C715}.Debug|x86.ActiveCfg = Debug|x86
		{D5DD654D-7CD7-46C7-A922-DA3E93F9C715}.Debug|x86.Build.0 = Debug|x86
		{D5DD654D-7CD7-46C7-A922-DA3E93F9C715}.Debug|x86.Deploy.0 = Debug|x86
		{D5DD654D-7CD7-46C7-A922-DA3E93F9C715}.Release|Any CPU.ActiveCfg = Release|x86
		{D5DD654D-7CD7-46C7-A922-DA3E93F9C715}.Release|ARM.ActiveCfg = Release|ARM
		{D5DD654D-7CD7-46C7-A922-DA3E93F9C715}.Release|ARM.Build.0 = Release|ARM
		{D5DD654D-7CD7-46C7-A922-DA3E93F9C715}.Release|ARM.Deploy.0 = Release|ARM
		{D5DD654D-7CD7-46C7-A922-DA3E93F9C715}.Release|iPhone.ActiveCfg = Release|x86
		{D5DD654D-7CD7-46C7-A922-DA3E93F9C715}.Release|iPhoneSimulator.ActiveCfg = Release|x86
		{D5DD654D-7CD7-46C7-A922-DA3E93F9C715}.Release|x64.ActiveCfg = Release|x64
		{D5DD654D-7CD7-46C7-A922-DA3E93F9C715}.Release|x64.Build.0 = Release|x64
		{D5DD654D-7CD7-46C7-A922-DA3E93F9C715}.Release|x64.Deploy.0 = Release|x64
		{D5DD654D-7CD7-46C7-A922-DA3E93F9C715}.Release|x86.ActiveCfg = Release|x86
		{D5DD654D-7CD7-46C7-A922-DA3E93F9C715}.Release|x86.Build.0 = Release|x86
		{D5DD654D-7CD7-46C7-A922-DA3E93F9C715}.Release|x86.Deploy.0 = Release|x86
	EndGlobalSection
	GlobalSection(SolutionProperties) = preSolution
		HideSolutionNode = FALSE
	EndGlobalSection
EndGlobal
